
Microsoft Visual Studio Solution File, Format Version 12.00
# Visual Studio Version 17
VisualStudioVersion = 17.7.34221.43
MinimumVisualStudioVersion = 10.0.40219.1
Project("{FAE04EC0-301F-11D3-BF4B-00C04F79EFBC}") = "01_Hello_World", "01_Hello_World.csproj", "{FDA2E795-79F6-4588-838B-8A066E709E3B}"
EndProject
Global
	GlobalSection(SolutionConfigurationPlatforms) = preSolution
		Debug|Any CPU = Debug|Any CPU
		Release|Any CPU = Release|Any CPU
	EndGlobalSection
	GlobalSection(ProjectConfigurationPlatforms) = postSolution
		{FDA2E795-79F6-4588-838B-8A066E709E3B}.Debug|Any CPU.ActiveCfg = Debug|Any CPU
		{FDA2E795-79F6-4588-838B-8A066E709E3B}.Debug|Any CPU.Build.0 = Debug|Any CPU
		{FDA2E795-79F6-4588-838B-8A066E709E3B}.Release|Any CPU.ActiveCfg = Release|Any CPU
		{FDA2E795-79F6-4588-838B-8A066E709E3B}.Release|Any CPU.Build.0 = Release|Any CPU
	EndGlobalSection
	GlobalSection(SolutionProperties) = preSolution
		HideSolutionNode = FALSE
	EndGlobalSection
	GlobalSection(ExtensibilityGlobals) = postSolution
		SolutionGuid = {BEEB6FD8-C58E-48C5-9A4F-2F23D7F72E31}
	EndGlobalSection
EndGlobal
