
Microsoft Visual Studio Solution File, Format Version 12.00
# Visual Studio Version 17
VisualStudioVersion = 17.7.34221.43
MinimumVisualStudioVersion = 10.0.40219.1
Project("{FAE04EC0-301F-11D3-BF4B-00C04F79EFBC}") = "06_Quiz_Competition_Project", "06_Quiz_Competition_Project.csproj", "{62FE9492-85D5-4759-933D-280CF50498F0}"
EndProject
Global
	GlobalSection(SolutionConfigurationPlatforms) = preSolution
		Debug|Any CPU = Debug|Any CPU
		Release|Any CPU = Release|Any CPU
	EndGlobalSection
	GlobalSection(ProjectConfigurationPlatforms) = postSolution
		{62FE9492-85D5-4759-933D-280CF50498F0}.Debug|Any CPU.ActiveCfg = Debug|Any CPU
		{62FE9492-85D5-4759-933D-280CF50498F0}.Debug|Any CPU.Build.0 = Debug|Any CPU
		{62FE9492-85D5-4759-933D-280CF50498F0}.Release|Any CPU.ActiveCfg = Release|Any CPU
		{62FE9492-85D5-4759-933D-280CF50498F0}.Release|Any CPU.Build.0 = Release|Any CPU
	EndGlobalSection
	GlobalSection(SolutionProperties) = preSolution
		HideSolutionNode = FALSE
	EndGlobalSection
	GlobalSection(ExtensibilityGlobals) = postSolution
		SolutionGuid = {82437C89-927B-44AE-AE33-AFE6D9530821}
	EndGlobalSection
EndGlobal
