
Microsoft Visual Studio Solution File, Format Version 12.00
# Visual Studio Version 17
VisualStudioVersion = 17.7.34221.43
MinimumVisualStudioVersion = 10.0.40219.1
Project("{FAE04EC0-301F-11D3-BF4B-00C04F79EFBC}") = "05_Student_Information_App", "05_Student_Information_App.csproj", "{2FBF7E71-3972-4849-9D4D-90AA89202F89}"
EndProject
Global
	GlobalSection(SolutionConfigurationPlatforms) = preSolution
		Debug|Any CPU = Debug|Any CPU
		Release|Any CPU = Release|Any CPU
	EndGlobalSection
	GlobalSection(ProjectConfigurationPlatforms) = postSolution
		{2FBF7E71-3972-4849-9D4D-90AA89202F89}.Debug|Any CPU.ActiveCfg = Debug|Any CPU
		{2FBF7E71-3972-4849-9D4D-90AA89202F89}.Debug|Any CPU.Build.0 = Debug|Any CPU
		{2FBF7E71-3972-4849-9D4D-90AA89202F89}.Release|Any CPU.ActiveCfg = Release|Any CPU
		{2FBF7E71-3972-4849-9D4D-90AA89202F89}.Release|Any CPU.Build.0 = Release|Any CPU
	EndGlobalSection
	GlobalSection(SolutionProperties) = preSolution
		HideSolutionNode = FALSE
	EndGlobalSection
	GlobalSection(ExtensibilityGlobals) = postSolution
		SolutionGuid = {BDD1C975-B29D-4E87-90CB-38C0CCF45EF6}
	EndGlobalSection
EndGlobal
